
Microsoft Visual Studio Solution File, Format Version 12.00
# Visual Studio Version 17
VisualStudioVersion = 17.3.32804.467
MinimumVisualStudioVersion = 10.0.40219.1
Project("{FAE04EC0-301F-11D3-BF4B-00C04F79EFBC}") = "Lib_calificacion", "Lib_calificacion\Lib_calificacion.csproj", "{D853024A-0A96-4645-9E05-C45A39192D5E}"
EndProject
Global
	GlobalSection(SolutionConfigurationPlatforms) = preSolution
		Debug|Any CPU = Debug|Any CPU
		Release|Any CPU = Release|Any CPU
	EndGlobalSection
	GlobalSection(ProjectConfigurationPlatforms) = postSolution
		{D853024A-0A96-4645-9E05-C45A39192D5E}.Debug|Any CPU.ActiveCfg = Debug|Any CPU
		{D853024A-0A96-4645-9E05-C45A39192D5E}.Debug|Any CPU.Build.0 = Debug|Any CPU
		{D853024A-0A96-4645-9E05-C45A39192D5E}.Release|Any CPU.ActiveCfg = Release|Any CPU
		{D853024A-0A96-4645-9E05-C45A39192D5E}.Release|Any CPU.Build.0 = Release|Any CPU
	EndGlobalSection
	GlobalSection(SolutionProperties) = preSolution
		HideSolutionNode = FALSE
	EndGlobalSection
	GlobalSection(ExtensibilityGlobals) = postSolution
		SolutionGuid = {7AF1ED54-118F-4DCF-A1CA-59AA655667B3}
	EndGlobalSection
EndGlobal
